
Microsoft Visual Studio Solution File, Format Version 12.00
# Visual Studio 15
VisualStudioVersion = 15.0.28307.852
MinimumVisualStudioVersion = 10.0.40219.1
Project("{FAE04EC0-301F-11D3-BF4B-00C04F79EFBC}") = "WindowsFormsApp1", "WindowsFormsApp1\WindowsFormsApp1.csproj", "{8E713689-E136-41B3-971D-3574E834D17B}"
EndProject
Global
	GlobalSection(SolutionConfigurationPlatforms) = preSolution
		Debug|Any CPU = Debug|Any CPU
		Release|Any CPU = Release|Any CPU
	EndGlobalSection
	GlobalSection(ProjectConfigurationPlatforms) = postSolution
		{8E713689-E136-41B3-971D-3574E834D17B}.Debug|Any CPU.ActiveCfg = Debug|Any CPU
		{8E713689-E136-41B3-971D-3574E834D17B}.Debug|Any CPU.Build.0 = Debug|Any CPU
		{8E713689-E136-41B3-971D-3574E834D17B}.Release|Any CPU.ActiveCfg = Release|Any CPU
		{8E713689-E136-41B3-971D-3574E834D17B}.Release|Any CPU.Build.0 = Release|Any CPU
	EndGlobalSection
	GlobalSection(SolutionProperties) = preSolution
		HideSolutionNode = FALSE
	EndGlobalSection
	GlobalSection(ExtensibilityGlobals) = postSolution
		SolutionGuid = {42E27EEC-B955-4F3C-B795-530C5DA08517}
	EndGlobalSection
EndGlobal
